
Microsoft Visual Studio Solution File, Format Version 12.00
# Visual Studio 15
VisualStudioVersion = 15.0.28010.2019
MinimumVisualStudioVersion = 10.0.40219.1
Project("{FAE04EC0-301F-11D3-BF4B-00C04F79EFBC}") = "invers", "invers\invers.csproj", "{F79BFCC0-EB7F-4ECF-B38C-8B732853F711}"
EndProject
Global
	GlobalSection(SolutionConfigurationPlatforms) = preSolution
		Debug|Any CPU = Debug|Any CPU
		Release|Any CPU = Release|Any CPU
	EndGlobalSection
	GlobalSection(ProjectConfigurationPlatforms) = postSolution
		{F79BFCC0-EB7F-4ECF-B38C-8B732853F711}.Debug|Any CPU.ActiveCfg = Debug|Any CPU
		{F79BFCC0-EB7F-4ECF-B38C-8B732853F711}.Debug|Any CPU.Build.0 = Debug|Any CPU
		{F79BFCC0-EB7F-4ECF-B38C-8B732853F711}.Release|Any CPU.ActiveCfg = Release|Any CPU
		{F79BFCC0-EB7F-4ECF-B38C-8B732853F711}.Release|Any CPU.Build.0 = Release|Any CPU
	EndGlobalSection
	GlobalSection(SolutionProperties) = preSolution
		HideSolutionNode = FALSE
	EndGlobalSection
	GlobalSection(ExtensibilityGlobals) = postSolution
		SolutionGuid = {A3F9E9A1-81ED-420C-9E7E-B5F48ACD65D6}
	EndGlobalSection
EndGlobal
